<?xml version="1.0" encoding="utf-8"?>
<Project ToolsVersion="4.0" xmlns="http://schemas.microsoft.com/developer/msbuild/2003">
  <ItemGroup>
    <Filter Include="Source Files">
      <UniqueIdentifier>{4FC737F1-C7A5-4376-A066-2A32D752A2FF}</UniqueIdentifier>
      <Extensions>cpp;c;cc;cxx;c++;cppm;ixx;def;odl;idl;hpj;bat;asm;asmx</Extensions>
    </Filter>
    <Filter Include="Header Files">
      <UniqueIdentifier>{93995380-89BD-4b04-88EB-625FBE52EBFB}</UniqueIdentifier>
      <Extensions>h;hh;hpp;hxx;h++;hm;inl;inc;ipp;xsd</Extensions>
    </Filter>
    <Filter Include="Resource Files">
      <UniqueIdentifier>{67DA6AB6-F800-4c08-8B7A-83BB121AAD01}</UniqueIdentifier>
      <Extensions>rc;ico;cur;bmp;dlg;rc2;rct;bin;rgs;gif;jpg;jpeg;jpe;resx;tiff;tif;png;wav;mfcribbon-ms</Extensions>
    </Filter>
    <Filter Include="Header Files\Any">
      <UniqueIdentifier>{2d8b0511-514e-4457-9a54-e96a32a41a03}</UniqueIdentifier>
    </Filter>
    <Filter Include="Header Files\Factory">
      <UniqueIdentifier>{44304a63-d42d-4e57-ac2e-8df46a6a0bed}</UniqueIdentifier>
    </Filter>
    <Filter Include="Source Files\Functions">
      <UniqueIdentifier>{e46d4196-2804-4350-b97d-1e84c8125bfa}</UniqueIdentifier>
    </Filter>
    <Filter Include="Source Files\Model">
      <UniqueIdentifier>{2dad253c-cdbb-43dc-930b-b213a7932ed0}</UniqueIdentifier>
    </Filter>
    <Filter Include="Header Files\Model">
      <UniqueIdentifier>{7c7a45b2-43c7-4cab-9b67-ad36f650b9e6}</UniqueIdentifier>
    </Filter>
    <Filter Include="Header Files\View">
      <UniqueIdentifier>{8f0c7019-b504-4ee2-aa0a-9ce17eed1b8e}</UniqueIdentifier>
    </Filter>
    <Filter Include="Source Files\View">
      <UniqueIdentifier>{dfe097b6-ddac-4df7-bb5c-33f9c09eafd2}</UniqueIdentifier>
    </Filter>
  </ItemGroup>
  <ItemGroup>
    <ClInclude Include="src\main\Any\Enums.h">
      <Filter>Header Files\Any</Filter>
    </ClInclude>
    <ClInclude Include="src\main\Factory\GamePageFactory.h">
      <Filter>Header Files\Factory</Filter>
    </ClInclude>
    <ClInclude Include="src\main\Factory\MainPageFactory.h">
      <Filter>Header Files\Factory</Filter>
    </ClInclude>
    <ClInclude Include="src\main\Factory\SnakeViewGroupFactory.h">
      <Filter>Header Files\Factory</Filter>
    </ClInclude>
    <ClInclude Include="src\main\Model\SnakeModel.h">
      <Filter>Header Files\Model</Filter>
    </ClInclude>
    <ClInclude Include="src\main\View\Food.h">
      <Filter>Header Files\View</Filter>
    </ClInclude>
    <ClInclude Include="src\main\View\Snake.h">
      <Filter>Header Files\View</Filter>
    </ClInclude>
  </ItemGroup>
  <ItemGroup>
    <ClCompile Include="src\main\Functions\main.cpp">
      <Filter>Source Files\Functions</Filter>
    </ClCompile>
    <ClCompile Include="src\main\Model\SnakeModel.cpp">
      <Filter>Source Files\Model</Filter>
    </ClCompile>
    <ClCompile Include="src\main\View\Food.cpp">
      <Filter>Source Files\View</Filter>
    </ClCompile>
    <ClCompile Include="src\main\View\Snake.cpp">
      <Filter>Source Files\View</Filter>
    </ClCompile>
  </ItemGroup>
  <ItemGroup>
    <Font Include="res\main\arial.ttf">
      <Filter>Resource Files</Filter>
    </Font>
  </ItemGroup>
  <ItemGroup>
    <Image Include="res\main\favicon.png">
      <Filter>Resource Files</Filter>
    </Image>
  </ItemGroup>
</Project>